// !$*UTF8*$!
{
	archiveVersion = 1;
	classes = {
	};
	objectVersion = 50;
	objects = {

/* Begin PBXBuildFile section */
		5C1B92182269427F00D735C5 /* AppDelegate.swift in Sources */ = {isa = PBXBuildFile; fileRef = 5C1B92172269427F00D735C5 /* AppDelegate.swift */; };
		5C1B921A2269427F00D735C5 /* ViewController.swift in Sources */ = {isa = PBXBuildFile; fileRef = 5C1B92192269427F00D735C5 /* ViewController.swift */; };
		5C1B921D2269427F00D735C5 /* Main.storyboard in Resources */ = {isa = PBXBuildFile; fileRef = 5C1B921B2269427F00D735C5 /* Main.storyboard */; };
		5C1B921F2269428100D735C5 /* Assets.xcassets in Resources */ = {isa = PBXBuildFile; fileRef = 5C1B921E2269428100D735C5 /* Assets.xcassets */; };
		5C1B92222269428100D735C5 /* LaunchScreen.storyboard in Resources */ = {isa = PBXBuildFile; fileRef = 5C1B92202269428100D735C5 /* LaunchScreen.storyboard */; };
		5C1B922D2269428100D735C5 /* MovieQuizTests.swift in Sources */ = {isa = PBXBuildFile; fileRef = 5C1B922C2269428100D735C5 /* MovieQuizTests.swift */; };
		5C1B92382269428100D735C5 /* MovieQuizUITests.swift in Sources */ = {isa = PBXBuildFile; fileRef = 5C1B92372269428100D735C5 /* MovieQuizUITests.swift */; };
/* End PBXBuildFile section */

/* Begin PBXContainerItemProxy section */
		5C1B92292269428100D735C5 /* PBXContainerItemProxy */ = {
			isa = PBXContainerItemProxy;
			containerPortal = 5C1B920C2269427F00D735C5 /* Project object */;
			proxyType = 1;
			remoteGlobalIDString = 5C1B92132269427F00D735C5;
			remoteInfo = MovieQuiz;
		};
		5C1B92342269428100D735C5 /* PBXContainerItemProxy */ = {
			isa = PBXContainerItemProxy;
			containerPortal = 5C1B920C2269427F00D735C5 /* Project object */;
			proxyType = 1;
			remoteGlobalIDString = 5C1B92132269427F00D735C5;
			remoteInfo = MovieQuiz;
		};
/* End PBXContainerItemProxy section */

/* Begin PBXFileReference section */
		5C1B92142269427F00D735C5 /* MovieQuiz.app */ = {isa = PBXFileReference; explicitFileType = wrapper.application; includeInIndex = 0; path = MovieQuiz.app; sourceTree = BUILT_PRODUCTS_DIR; };
		5C1B92172269427F00D735C5 /* AppDelegate.swift */ = {isa = PBXFileReference; lastKnownFileType = sourcecode.swift; path = AppDelegate.swift; sourceTree = "<group>"; };
		5C1B92192269427F00D735C5 /* ViewController.swift */ = {isa = PBXFileReference; lastKnownFileType = sourcecode.swift; path = ViewController.swift; sourceTree = "<group>"; };
		5C1B921C2269427F00D735C5 /* Base */ = {isa = PBXFileReference; lastKnownFileType = file.storyboard; name = Base; path = Base.lproj/Main.storyboard; sourceTree = "<group>"; };
		5C1B921E2269428100D735C5 /* Assets.xcassets */ = {isa = PBXFileReference; lastKnownFileType = folder.assetcatalog; path = Assets.xcassets; sourceTree = "<group>"; };
		5C1B92212269428100D735C5 /* Base */ = {isa = PBXFileReference; lastKnownFileType = file.storyboard; name = Base; path = Base.lproj/LaunchScreen.storyboard; sourceTree = "<group>"; };
		5C1B92232269428100D735C5 /* Info.plist */ = {isa = PBXFileReference; lastKnownFileType = text.plist.xml; path = Info.plist; sourceTree = "<group>"; };
		5C1B92282269428100D735C5 /* MovieQuizTests.xctest */ = {isa = PBXFileReference; explicitFileType = wrapper.cfbundle; includeInIndex = 0; path = MovieQuizTests.xctest; sourceTree = BUILT_PRODUCTS_DIR; };
		5C1B922C2269428100D735C5 /* MovieQuizTests.swift */ = {isa = PBXFileReference; lastKnownFileType = sourcecode.swift; path = MovieQuizTests.swift; sourceTree = "<group>"; };
		5C1B922E2269428100D735C5 /* Info.plist */ = {isa = PBXFileReference; lastKnownFileType = text.plist.xml; path = Info.plist; sourceTree = "<group>"; };
		5C1B92332269428100D735C5 /* MovieQuizUITests.xctest */ = {isa = PBXFileReference; explicitFileType = wrapper.cfbundle; includeInIndex = 0; path = MovieQuizUITests.xctest; sourceTree = BUILT_PRODUCTS_DIR; };
		5C1B92372269428100D735C5 /* MovieQuizUITests.swift */ = {isa = PBXFileReference; lastKnownFileType = sourcecode.swift; path = MovieQuizUITests.swift; sourceTree = "<group>"; };
		5C1B92392269428100D735C5 /* Info.plist */ = {isa = PBXFileReference; lastKnownFileType = text.plist.xml; path = Info.plist; sourceTree = "<group>"; };
/* End PBXFileReference section */

/* Begin PBXFrameworksBuildPhase section */
		5C1B92112269427F00D735C5 /* Frameworks */ = {
			isa = PBXFrameworksBuildPhase;
			buildActionMask = 2147483647;
			files = (
			);
			runOnlyForDeploymentPostprocessing = 0;
		};
		5C1B92252269428100D735C5 /* Frameworks */ = {
			isa = PBXFrameworksBuildPhase;
			buildActionMask = 2147483647;
			files = (
			);
			runOnlyForDeploymentPostprocessing = 0;
		};
		5C1B92302269428100D735C5 /* Frameworks */ = {
			isa = PBXFrameworksBuildPhase;
			buildActionMask = 2147483647;
			files = (
			);
			runOnlyForDeploymentPostprocessing = 0;
		};
/* End PBXFrameworksBuildPhase section */

/* Begin PBXGroup section */
		5C1B920B2269427F00D735C5 = {
			isa = PBXGroup;
			children = (
				5C1B92162269427F00D735C5 /* MovieQuiz */,
				5C1B922B2269428100D735C5 /* MovieQuizTests */,
				5C1B92362269428100D735C5 /* MovieQuizUITests */,
				5C1B92152269427F00D735C5 /* Products */,
			);
			sourceTree = "<group>";
		};
		5C1B92152269427F00D735C5 /* Products */ = {
			isa = PBXGroup;
			children = (
				5C1B92142269427F00D735C5 /* MovieQuiz.app */,
				5C1B92282269428100D735C5 /* MovieQuizTests.xctest */,
				5C1B92332269428100D735C5 /* MovieQuizUITests.xctest */,
			);
			name = Products;
			sourceTree = "<group>";
		};
		5C1B92162269427F00D735C5 /* MovieQuiz */ = {
			isa = PBXGroup;
			children = (
				5C1B92172269427F00D735C5 /* AppDelegate.swift */,
				5C1B92192269427F00D735C5 /* ViewController.swift */,
				5C1B921B2269427F00D735C5 /* Main.storyboard */,
				5C1B921E2269428100D735C5 /* Assets.xcassets */,
				5C1B92202269428100D735C5 /* LaunchScreen.storyboard */,
				5C1B92232269428100D735C5 /* Info.plist */,
			);
			path = MovieQuiz;
			sourceTree = "<group>";
		};
		5C1B922B2269428100D735C5 /* MovieQuizTests */ = {
			isa = PBXGroup;
			children = (
				5C1B922C2269428100D735C5 /* MovieQuizTests.swift */,
				5C1B922E2269428100D735C5 /* Info.plist */,
			);
			path = MovieQuizTests;
			sourceTree = "<group>";
		};
		5C1B92362269428100D735C5 /* MovieQuizUITests */ = {
			isa = PBXGroup;
			children = (
				5C1B92372269428100D735C5 /* MovieQuizUITests.swift */,
				5C1B92392269428100D735C5 /* Info.plist */,
			);
			path = MovieQuizUITests;
			sourceTree = "<group>";
		};
/* End PBXGroup section */

/* Begin PBXNativeTarget section */
		5C1B92132269427F00D735C5 /* MovieQuiz */ = {
			isa = PBXNativeTarget;
			buildConfigurationList = 5C1B923C2269428100D735C5 /* Build configuration list for PBXNativeTarget "MovieQuiz" */;
			buildPhases = (
				5C1B92102269427F00D735C5 /* Sources */,
				5C1B92112269427F00D735C5 /* Frameworks */,
				5C1B92122269427F00D735C5 /* Resources */,
			);
			buildRules = (
			);
			dependencies = (
			);
			name = MovieQuiz;
			productName = MovieQuiz;
			productReference = 5C1B92142269427F00D735C5 /* MovieQuiz.app */;
			productType = "com.apple.product-type.application";
		};
		5C1B92272269428100D735C5 /* MovieQuizTests */ = {
			isa = PBXNativeTarget;
			buildConfigurationList = 5C1B923F2269428100D735C5 /* Build configuration list for PBXNativeTarget "MovieQuizTests" */;
			buildPhases = (
				5C1B92242269428100D735C5 /* Sources */,
				5C1B92252269428100D735C5 /* Frameworks */,
				5C1B92262269428100D735C5 /* Resources */,
			);
			buildRules = (
			);
			dependencies = (
				5C1B922A2269428100D735C5 /* PBXTargetDependency */,
			);
			name = MovieQuizTests;
			productName = MovieQuizTests;
			productReference = 5C1B92282269428100D735C5 /* MovieQuizTests.xctest */;
			productType = "com.apple.product-type.bundle.unit-test";
		};
		5C1B92322269428100D735C5 /* MovieQuizUITests */ = {
			isa = PBXNativeTarget;
			buildConfigurationList = 5C1B92422269428100D735C5 /* Build configuration list for PBXNativeTarget "MovieQuizUITests" */;
			buildPhases = (
				5C1B922F2269428100D735C5 /* Sources */,
				5C1B92302269428100D735C5 /* Frameworks */,
				5C1B92312269428100D735C5 /* Resources */,
			);
			buildRules = (
			);
			dependencies = (
				5C1B92352269428100D735C5 /* PBXTargetDependency */,
			);
			name = MovieQuizUITests;
			productName = MovieQuizUITests;
			productReference = 5C1B92332269428100D735C5 /* MovieQuizUITests.xctest */;
			productType = "com.apple.product-type.bundle.ui-testing";
		};
/* End PBXNativeTarget section */

/* Begin PBXProject section */
		5C1B920C2269427F00D735C5 /* Project object */ = {
			isa = PBXProject;
			attributes = {
				LastSwiftUpdateCheck = 1020;
				LastUpgradeCheck = 1020;
				ORGANIZATIONNAME = "Humberto Rayashi";
				TargetAttributes = {
					5C1B92132269427F00D735C5 = {
						CreatedOnToolsVersion = 10.2;
					};
					5C1B92272269428100D735C5 = {
						CreatedOnToolsVersion = 10.2;
						TestTargetID = 5C1B92132269427F00D735C5;
					};
					5C1B92322269428100D735C5 = {
						CreatedOnToolsVersion = 10.2;
						TestTargetID = 5C1B92132269427F00D735C5;
					};
				};
			};
			buildConfigurationList = 5C1B920F2269427F00D735C5 /* Build configuration list for PBXProject "MovieQuiz" */;
			compatibilityVersion = "Xcode 9.3";
			developmentRegion = en;
			hasScannedForEncodings = 0;
			knownRegions = (
				en,
				Base,
			);
			mainGroup = 5C1B920B2269427F00D735C5;
			productRefGroup = 5C1B92152269427F00D735C5 /* Products */;
			projectDirPath = "";
			projectRoot = "";
			targets = (
				5C1B92132269427F00D735C5 /* MovieQuiz */,
				5C1B92272269428100D735C5 /* MovieQuizTests */,
				5C1B92322269428100D735C5 /* MovieQuizUITests */,
			);
		};
/* End PBXProject section */

/* Begin PBXResourcesBuildPhase section */
		5C1B92122269427F00D735C5 /* Resources */ = {
			isa = PBXResourcesBuildPhase;
			buildActionMask = 2147483647;
			files = (
				5C1B92222269428100D735C5 /* LaunchScreen.storyboard in Resources */,
				5C1B921F2269428100D735C5 /* Assets.xcassets in Resources */,
				5C1B921D2269427F00D735C5 /* Main.storyboard in Resources */,
			);
			runOnlyForDeploymentPostprocessing = 0;
		};
		5C1B92262269428100D735C5 /* Resources */ = {
			isa = PBXResourcesBuildPhase;
			buildActionMask = 2147483647;
			files = (
			);
			runOnlyForDeploymentPostprocessing = 0;
		};
		5C1B92312269428100D735C5 /* Resources */ = {
			isa = PBXResourcesBuildPhase;
			buildActionMask = 2147483647;
			files = (
			);
			runOnlyForDeploymentPostprocessing = 0;
		};
/* End PBXResourcesBuildPhase section */

/* Begin PBXSourcesBuildPhase section */
		5C1B92102269427F00D735C5 /* Sources */ = {
			isa = PBXSourcesBuildPhase;
			buildActionMask = 2147483647;
			files = (
				5C1B921A2269427F00D735C5 /* ViewController.swift in Sources */,
				5C1B92182269427F00D735C5 /* AppDelegate.swift in Sources */,
			);
			runOnlyForDeploymentPostprocessing = 0;
		};
		5C1B92242269428100D735C5 /* Sources */ = {
			isa = PBXSourcesBuildPhase;
			buildActionMask = 2147483647;
			files = (
				5C1B922D2269428100D735C5 /* MovieQuizTests.swift in Sources */,
			);
			runOnlyForDeploymentPostprocessing = 0;
		};
		5C1B922F2269428100D735C5 /* Sources */ = {
			isa = PBXSourcesBuildPhase;
			buildActionMask = 2147483647;
			files = (
				5C1B92382269428100D735C5 /* MovieQuizUITests.swift in Sources */,
			);
			runOnlyForDeploymentPostprocessing = 0;
		};
/* End PBXSourcesBuildPhase section */

/* Begin PBXTargetDependency section */
		5C1B922A2269428100D735C5 /* PBXTargetDependency */ = {
			isa = PBXTargetDependency;
			target = 5C1B92132269427F00D735C5 /* MovieQuiz */;
			targetProxy = 5C1B92292269428100D735C5 /* PBXContainerItemProxy */;
		};
		5C1B92352269428100D735C5 /* PBXTargetDependency */ = {
			isa = PBXTargetDependency;
			target = 5C1B92132269427F00D735C5 /* MovieQuiz */;
			targetProxy = 5C1B92342269428100D735C5 /* PBXContainerItemProxy */;
		};
/* End PBXTargetDependency section */

/* Begin PBXVariantGroup section */
		5C1B921B2269427F00D735C5 /* Main.storyboard */ = {
			isa = PBXVariantGroup;
			children = (
				5C1B921C2269427F00D735C5 /* Base */,
			);
			name = Main.storyboard;
			sourceTree = "<group>";
		};
		5C1B92202269428100D735C5 /* LaunchScreen.storyboard */ = {
			isa = PBXVariantGroup;
			children = (
				5C1B92212269428100D735C5 /* Base */,
			);
			name = LaunchScreen.storyboard;
			sourceTree = "<group>";
		};
/* End PBXVariantGroup section */

/* Begin XCBuildConfiguration section */
		5C1B923A2269428100D735C5 /* Debug */ = {
			isa = XCBuildConfiguration;
			buildSettings = {
				ALWAYS_SEARCH_USER_PATHS = NO;
				CLANG_ANALYZER_NONNULL = YES;
				CLANG_ANALYZER_NUMBER_OBJECT_CONVERSION = YES_AGGRESSIVE;
				CLANG_CXX_LANGUAGE_STANDARD = "gnu++14";
				CLANG_CXX_LIBRARY = "libc++";
				CLANG_ENABLE_MODULES = YES;
				CLANG_ENABLE_OBJC_ARC = YES;
				CLANG_ENABLE_OBJC_WEAK = YES;
				CLANG_WARN_BLOCK_CAPTURE_AUTORELEASING = YES;
				CLANG_WARN_BOOL_CONVERSION = YES;
				CLANG_WARN_COMMA = YES;
				CLANG_WARN_CONSTANT_CONVERSION = YES;
				CLANG_WARN_DEPRECATED_OBJC_IMPLEMENTATIONS = YES;
				CLANG_WARN_DIRECT_OBJC_ISA_USAGE = YES_ERROR;
				CLANG_WARN_DOCUMENTATION_COMMENTS = YES;
				CLANG_WARN_EMPTY_BODY = YES;
				CLANG_WARN_ENUM_CONVERSION = YES;
				CLANG_WARN_INFINITE_RECURSION = YES;
				CLANG_WARN_INT_CONVERSION = YES;
				CLANG_WARN_NON_LITERAL_NULL_CONVERSION = YES;
				CLANG_WARN_OBJC_IMPLICIT_RETAIN_SELF = YES;
				CLANG_WARN_OBJC_LITERAL_CONVERSION = YES;
				CLANG_WARN_OBJC_ROOT_CLASS = YES_ERROR;
				CLANG_WARN_RANGE_LOOP_ANALYSIS = YES;
				CLANG_WARN_STRICT_PROTOTYPES = YES;
				CLANG_WARN_SUSPICIOUS_MOVE = YES;
				CLANG_WARN_UNGUARDED_AVAILABILITY = YES_AGGRESSIVE;
				CLANG_WARN_UNREACHABLE_CODE = YES;
				CLANG_WARN__DUPLICATE_METHOD_MATCH = YES;
				CODE_SIGN_IDENTITY = "iPhone Developer";
				COPY_PHASE_STRIP = NO;
				DEBUG_INFORMATION_FORMAT = dwarf;
				ENABLE_STRICT_OBJC_MSGSEND = YES;
				ENABLE_TESTABILITY = YES;
				GCC_C_LANGUAGE_STANDARD = gnu11;
				GCC_DYNAMIC_NO_PIC = NO;
				GCC_NO_COMMON_BLOCKS = YES;
				GCC_OPTIMIZATION_LEVEL = 0;
				GCC_PREPROCESSOR_DEFINITIONS = (
					"DEBUG=1",
					"$(inherited)",
				);
				GCC_WARN_64_TO_32_BIT_CONVERSION = YES;
				GCC_WARN_ABOUT_RETURN_TYPE = YES_ERROR;
				GCC_WARN_UNDECLARED_SELECTOR = YES;
				GCC_WARN_UNINITIALIZED_AUTOS = YES_AGGRESSIVE;
				GCC_WARN_UNUSED_FUNCTION = YES;
				GCC_WARN_UNUSED_VARIABLE = YES;
				IPHONEOS_DEPLOYMENT_TARGET = 12.2;
				MTL_ENABLE_DEBUG_INFO = INCLUDE_SOURCE;
				MTL_FAST_MATH = YES;
				ONLY_ACTIVE_ARCH = YES;
				SDKROOT = iphoneos;
				SWIFT_ACTIVE_COMPILATION_CONDITIONS = DEBUG;
				SWIFT_OPTIMIZATION_LEVEL = "-Onone";
			};
			name = Debug;
		};
		5C1B923B2269428100D735C5 /* Release */ = {
			isa = XCBuildConfiguration;
			buildSettings = {
				ALWAYS_SEARCH_USER_PATHS = NO;
				CLANG_ANALYZER_NONNULL = YES;
				CLANG_ANALYZER_NUMBER_OBJECT_CONVERSION = YES_AGGRESSIVE;
				CLANG_CXX_LANGUAGE_STANDARD = "gnu++14";
				CLANG_CXX_LIBRARY = "libc++";
				CLANG_ENABLE_MODULES = YES;
				CLANG_ENABLE_OBJC_ARC = YES;
				CLANG_ENABLE_OBJC_WEAK = YES;
				CLANG_WARN_BLOCK_CAPTURE_AUTORELEASING = YES;
				CLANG_WARN_BOOL_CONVERSION = YES;
				CLANG_WARN_COMMA = YES;
				CLANG_WARN_CONSTANT_CONVERSION = YES;
				CLANG_WARN_DEPRECATED_OBJC_IMPLEMENTATIONS = YES;
				CLANG_WARN_DIRECT_OBJC_ISA_USAGE = YES_ERROR;
				CLANG_WARN_DOCUMENTATION_COMMENTS = YES;
				CLANG_WARN_EMPTY_BODY = YES;
				CLANG_WARN_ENUM_CONVERSION = YES;
				CLANG_WARN_INFINITE_RECURSION = YES;
				CLANG_WARN_INT_CONVERSION = YES;
				CLANG_WARN_NON_LITERAL_NULL_CONVERSION = YES;
				CLANG_WARN_OBJC_IMPLICIT_RETAIN_SELF = YES;
				CLANG_WARN_OBJC_LITERAL_CONVERSION = YES;
				CLANG_WARN_OBJC_ROOT_CLASS = YES_ERROR;
				CLANG_WARN_RANGE_LOOP_ANALYSIS = YES;
				CLANG_WARN_STRICT_PROTOTYPES = YES;
				CLANG_WARN_SUSPICIOUS_MOVE = YES;
				CLANG_WARN_UNGUARDED_AVAILABILITY = YES_AGGRESSIVE;
				CLANG_WARN_UNREACHABLE_CODE = YES;
				CLANG_WARN__DUPLICATE_METHOD_MATCH = YES;
				CODE_SIGN_IDENTITY = "iPhone Developer";
				COPY_PHASE_STRIP = NO;
				DEBUG_INFORMATION_FORMAT = "dwarf-with-dsym";
				ENABLE_NS_ASSERTIONS = NO;
				ENABLE_STRICT_OBJC_MSGSEND = YES;
				GCC_C_LANGUAGE_STANDARD = gnu11;
				GCC_NO_COMMON_BLOCKS = YES;
				GCC_WARN_64_TO_32_BIT_CONVERSION = YES;
				GCC_WARN_ABOUT_RETURN_TYPE = YES_ERROR;
				GCC_WARN_UNDECLARED_SELECTOR = YES;
				GCC_WARN_UNINITIALIZED_AUTOS = YES_AGGRESSIVE;
				GCC_WARN_UNUSED_FUNCTION = YES;
				GCC_WARN_UNUSED_VARIABLE = YES;
				IPHONEOS_DEPLOYMENT_TARGET = 12.2;
				MTL_ENABLE_DEBUG_INFO = NO;
				MTL_FAST_MATH = YES;
				SDKROOT = iphoneos;
				SWIFT_COMPILATION_MODE = wholemodule;
				SWIFT_OPTIMIZATION_LEVEL = "-O";
				VALIDATE_PRODUCT = YES;
			};
			name = Release;
		};
		5C1B923D2269428100D735C5 /* Debug */ = {
			isa = XCBuildConfiguration;
			buildSettings = {
				ASSETCATALOG_COMPILER_APPICON_NAME = AppIcon;
				CODE_SIGN_STYLE = Automatic;
				DEVELOPMENT_TEAM = 8GCV4WW74S;
				INFOPLIST_FILE = MovieQuiz/Info.plist;
				LD_RUNPATH_SEARCH_PATHS = (
					"$(inherited)",
					"@executable_path/Frameworks",
				);
				PRODUCT_BUNDLE_IDENTIFIER = com.rayashi.moviequiz.MovieQuiz;
				PRODUCT_NAME = "$(TARGET_NAME)";
				SWIFT_VERSION = 5.0;
				TARGETED_DEVICE_FAMILY = "1,2";
			};
			name = Debug;
		};
		5C1B923E2269428100D735C5 /* Release */ = {
			isa = XCBuildConfiguration;
			buildSettings = {
				ASSETCATALOG_COMPILER_APPICON_NAME = AppIcon;
				CODE_SIGN_STYLE = Automatic;
				DEVELOPMENT_TEAM = 8GCV4WW74S;
				INFOPLIST_FILE = MovieQuiz/Info.plist;
				LD_RUNPATH_SEARCH_PATHS = (
					"$(inherited)",
					"@executable_path/Frameworks",
				);
				PRODUCT_BUNDLE_IDENTIFIER = com.rayashi.moviequiz.MovieQuiz;
				PRODUCT_NAME = "$(TARGET_NAME)";
				SWIFT_VERSION = 5.0;
				TARGETED_DEVICE_FAMILY = "1,2";
			};
			name = Release;
		};
		5C1B92402269428100D735C5 /* Debug */ = {
			isa = XCBuildConfiguration;
			buildSettings = {
				ALWAYS_EMBED_SWIFT_STANDARD_LIBRARIES = YES;
				BUNDLE_LOADER = "$(TEST_HOST)";
				CODE_SIGN_STYLE = Automatic;
				DEVELOPMENT_TEAM = 8GCV4WW74S;
				INFOPLIST_FILE = MovieQuizTests/Info.plist;
				LD_RUNPATH_SEARCH_PATHS = (
					"$(inherited)",
					"@executable_path/Frameworks",
					"@loader_path/Frameworks",
				);
				PRODUCT_BUNDLE_IDENTIFIER = com.rayashi.moviequiz.MovieQuizTests;
				PRODUCT_NAME = "$(TARGET_NAME)";
				SWIFT_VERSION = 5.0;
				TARGETED_DEVICE_FAMILY = "1,2";
				TEST_HOST = "$(BUILT_PRODUCTS_DIR)/MovieQuiz.app/MovieQuiz";
			};
			name = Debug;
		};
		5C1B92412269428100D735C5 /* Release */ = {
			isa = XCBuildConfiguration;
			buildSettings = {
				ALWAYS_EMBED_SWIFT_STANDARD_LIBRARIES = YES;
				BUNDLE_LOADER = "$(TEST_HOST)";
				CODE_SIGN_STYLE = Automatic;
				DEVELOPMENT_TEAM = 8GCV4WW74S;
				INFOPLIST_FILE = MovieQuizTests/Info.plist;
				LD_RUNPATH_SEARCH_PATHS = (
					"$(inherited)",
					"@executable_path/Frameworks",
					"@loader_path/Frameworks",
				);
				PRODUCT_BUNDLE_IDENTIFIER = com.rayashi.moviequiz.MovieQuizTests;
				PRODUCT_NAME = "$(TARGET_NAME)";
				SWIFT_VERSION = 5.0;
				TARGETED_DEVICE_FAMILY = "1,2";
				TEST_HOST = "$(BUILT_PRODUCTS_DIR)/MovieQuiz.app/MovieQuiz";
			};
			name = Release;
		};
		5C1B92432269428100D735C5 /* Debug */ = {
			isa = XCBuildConfiguration;
			buildSettings = {
				ALWAYS_EMBED_SWIFT_STANDARD_LIBRARIES = YES;
				CODE_SIGN_STYLE = Automatic;
				DEVELOPMENT_TEAM = 8GCV4WW74S;
				INFOPLIST_FILE = MovieQuizUITests/Info.plist;
				LD_RUNPATH_SEARCH_PATHS = (
					"$(inherited)",
					"@executable_path/Frameworks",
					"@loader_path/Frameworks",
				);
				PRODUCT_BUNDLE_IDENTIFIER = com.rayashi.moviequiz.MovieQuizUITests;
				PRODUCT_NAME = "$(TARGET_NAME)";
				SWIFT_VERSION = 5.0;
				TARGETED_DEVICE_FAMILY = "1,2";
				TEST_TARGET_NAME = MovieQuiz;
			};
			name = Debug;
		};
		5C1B92442269428100D735C5 /* Release */ = {
			isa = XCBuildConfiguration;
			buildSettings = {
				ALWAYS_EMBED_SWIFT_STANDARD_LIBRARIES = YES;
				CODE_SIGN_STYLE = Automatic;
				DEVELOPMENT_TEAM = 8GCV4WW74S;
				INFOPLIST_FILE = MovieQuizUITests/Info.plist;
				LD_RUNPATH_SEARCH_PATHS = (
					"$(inherited)",
					"@executable_path/Frameworks",
					"@loader_path/Frameworks",
				);
				PRODUCT_BUNDLE_IDENTIFIER = com.rayashi.moviequiz.MovieQuizUITests;
				PRODUCT_NAME = "$(TARGET_NAME)";
				SWIFT_VERSION = 5.0;
				TARGETED_DEVICE_FAMILY = "1,2";
				TEST_TARGET_NAME = MovieQuiz;
			};
			name = Release;
		};
/* End XCBuildConfiguration section */

/* Begin XCConfigurationList section */
		5C1B920F2269427F00D735C5 /* Build configuration list for PBXProject "MovieQuiz" */ = {
			isa = XCConfigurationList;
			buildConfigurations = (
				5C1B923A2269428100D735C5 /* Debug */,
				5C1B923B2269428100D735C5 /* Release */,
			);
			defaultConfigurationIsVisible = 0;
			defaultConfigurationName = Release;
		};
		5C1B923C2269428100D735C5 /* Build configuration list for PBXNativeTarget "MovieQuiz" */ = {
			isa = XCConfigurationList;
			buildConfigurations = (
				5C1B923D2269428100D735C5 /* Debug */,
				5C1B923E2269428100D735C5 /* Release */,
			);
			defaultConfigurationIsVisible = 0;
			defaultConfigurationName = Release;
		};
		5C1B923F2269428100D735C5 /* Build configuration list for PBXNativeTarget "MovieQuizTests" */ = {
			isa = XCConfigurationList;
			buildConfigurations = (
				5C1B92402269428100D735C5 /* Debug */,
				5C1B92412269428100D735C5 /* Release */,
			);
			defaultConfigurationIsVisible = 0;
			defaultConfigurationName = Release;
		};
		5C1B92422269428100D735C5 /* Build configuration list for PBXNativeTarget "MovieQuizUITests" */ = {
			isa = XCConfigurationList;
			buildConfigurations = (
				5C1B92432269428100D735C5 /* Debug */,
				5C1B92442269428100D735C5 /* Release */,
			);
			defaultConfigurationIsVisible = 0;
			defaultConfigurationName = Release;
		};
/* End XCConfigurationList section */
	};
	rootObject = 5C1B920C2269427F00D735C5 /* Project object */;
}
